# This file is automatically @generated by Cargo.
# It is not intended for manual editing.
version = 4

[[package]]
name = "cargo_private_registry_test"
version = "0.1.0"
dependencies = [
 "custom-package",
]

[[package]]
name = "custom-package"
version = "0.1.0"
source = "sparse+https://jfrogghdemo.jfrog.io/artifactory/api/cargo/dependabot-cargo/index/"
checksum = "40a2cce455eef2f00aec305a1f6131dd444359d02ecc501d1c88cc5b7fbfc998"
