# This file is automatically @generated by Cargo.
# It is not intended for manual editing.
version = 4

[[package]]
name = "cargo_private_registry_test"
version = "0.1.0"
dependencies = [
 "custom-package",
]

[[package]]
name = "custom-package"
version = "0.2.0"
source = "sparse+https://jfrogghdemo.jfrog.io/artifactory/api/cargo/dependabot-cargo/index/"
checksum = "99c4d5cb88247727078f4e17eac62ea85e6db2b4aa4badecdce1103ed41af837"
